// !$*UTF8*$!
{
	archiveVersion = 1;
	classes = {
	};
	objectVersion = 50;
	objects = {

/* Begin PBXBuildFile section */
		50F5148F264B47D700426365 /* point_appApp.swift in Sources */ = {isa = PBXBuildFile; fileRef = 50F5148E264B47D700426365 /* point_appApp.swift */; };
		50F51491264B47D700426365 /* HomeView.swift in Sources */ = {isa = PBXBuildFile; fileRef = 50F51490264B47D700426365 /* HomeView.swift */; };
		50F51493264B47D900426365 /* Assets.xcassets in Resources */ = {isa = PBXBuildFile; fileRef = 50F51492264B47D900426365 /* Assets.xcassets */; };
		50F51496264B47D900426365 /* Preview Assets.xcassets in Resources */ = {isa = PBXBuildFile; fileRef = 50F51495264B47D900426365 /* Preview Assets.xcassets */; };
		50F514A1264B47DA00426365 /* point_appTests.swift in Sources */ = {isa = PBXBuildFile; fileRef = 50F514A0264B47DA00426365 /* point_appTests.swift */; };
		50F514AC264B47DA00426365 /* point_appUITests.swift in Sources */ = {isa = PBXBuildFile; fileRef = 50F514AB264B47DA00426365 /* point_appUITests.swift */; };
		50F514C4264B49EB00426365 /* StampView.swift in Sources */ = {isa = PBXBuildFile; fileRef = 50F514C3264B49EB00426365 /* StampView.swift */; };
		50F514CA264B4A4000426365 /* RootTabView.swift in Sources */ = {isa = PBXBuildFile; fileRef = 50F514C9264B4A4000426365 /* RootTabView.swift */; };
/* End PBXBuildFile section */

/* Begin PBXContainerItemProxy section */
		50F5149D264B47DA00426365 /* PBXContainerItemProxy */ = {
			isa = PBXContainerItemProxy;
			containerPortal = 50F51483264B47D700426365 /* Project object */;
			proxyType = 1;
			remoteGlobalIDString = 50F5148A264B47D700426365;
			remoteInfo = "point-app";
		};
		50F514A8264B47DA00426365 /* PBXContainerItemProxy */ = {
			isa = PBXContainerItemProxy;
			containerPortal = 50F51483264B47D700426365 /* Project object */;
			proxyType = 1;
			remoteGlobalIDString = 50F5148A264B47D700426365;
			remoteInfo = "point-app";
		};
/* End PBXContainerItemProxy section */

/* Begin PBXFileReference section */
		50F5148B264B47D700426365 /* point-app.app */ = {isa = PBXFileReference; explicitFileType = wrapper.application; includeInIndex = 0; path = "point-app.app"; sourceTree = BUILT_PRODUCTS_DIR; };
		50F5148E264B47D700426365 /* point_appApp.swift */ = {isa = PBXFileReference; lastKnownFileType = sourcecode.swift; path = point_appApp.swift; sourceTree = "<group>"; };
		50F51490264B47D700426365 /* HomeView.swift */ = {isa = PBXFileReference; lastKnownFileType = sourcecode.swift; path = HomeView.swift; sourceTree = "<group>"; };
		50F51492264B47D900426365 /* Assets.xcassets */ = {isa = PBXFileReference; lastKnownFileType = folder.assetcatalog; path = Assets.xcassets; sourceTree = "<group>"; };
		50F51495264B47D900426365 /* Preview Assets.xcassets */ = {isa = PBXFileReference; lastKnownFileType = folder.assetcatalog; path = "Preview Assets.xcassets"; sourceTree = "<group>"; };
		50F51497264B47D900426365 /* Info.plist */ = {isa = PBXFileReference; lastKnownFileType = text.plist.xml; path = Info.plist; sourceTree = "<group>"; };
		50F5149C264B47DA00426365 /* point-appTests.xctest */ = {isa = PBXFileReference; explicitFileType = wrapper.cfbundle; includeInIndex = 0; path = "point-appTests.xctest"; sourceTree = BUILT_PRODUCTS_DIR; };
		50F514A0264B47DA00426365 /* point_appTests.swift */ = {isa = PBXFileReference; lastKnownFileType = sourcecode.swift; path = point_appTests.swift; sourceTree = "<group>"; };
		50F514A2264B47DA00426365 /* Info.plist */ = {isa = PBXFileReference; lastKnownFileType = text.plist.xml; path = Info.plist; sourceTree = "<group>"; };
		50F514A7264B47DA00426365 /* point-appUITests.xctest */ = {isa = PBXFileReference; explicitFileType = wrapper.cfbundle; includeInIndex = 0; path = "point-appUITests.xctest"; sourceTree = BUILT_PRODUCTS_DIR; };
		50F514AB264B47DA00426365 /* point_appUITests.swift */ = {isa = PBXFileReference; lastKnownFileType = sourcecode.swift; path = point_appUITests.swift; sourceTree = "<group>"; };
		50F514AD264B47DA00426365 /* Info.plist */ = {isa = PBXFileReference; lastKnownFileType = text.plist.xml; path = Info.plist; sourceTree = "<group>"; };
		50F514C3264B49EB00426365 /* StampView.swift */ = {isa = PBXFileReference; lastKnownFileType = sourcecode.swift; path = StampView.swift; sourceTree = SOURCE_ROOT; };
		50F514C9264B4A4000426365 /* RootTabView.swift */ = {isa = PBXFileReference; lastKnownFileType = sourcecode.swift; path = RootTabView.swift; sourceTree = "<group>"; };
/* End PBXFileReference section */

/* Begin PBXFrameworksBuildPhase section */
		50F51488264B47D700426365 /* Frameworks */ = {
			isa = PBXFrameworksBuildPhase;
			buildActionMask = 2147483647;
			files = (
			);
			runOnlyForDeploymentPostprocessing = 0;
		};
		50F51499264B47DA00426365 /* Frameworks */ = {
			isa = PBXFrameworksBuildPhase;
			buildActionMask = 2147483647;
			files = (
			);
			runOnlyForDeploymentPostprocessing = 0;
		};
		50F514A4264B47DA00426365 /* Frameworks */ = {
			isa = PBXFrameworksBuildPhase;
			buildActionMask = 2147483647;
			files = (
			);
			runOnlyForDeploymentPostprocessing = 0;
		};
/* End PBXFrameworksBuildPhase section */

/* Begin PBXGroup section */
		50F51482264B47D700426365 = {
			isa = PBXGroup;
			children = (
				50F5148D264B47D700426365 /* point-app */,
				50F5149F264B47DA00426365 /* point-appTests */,
				50F514AA264B47DA00426365 /* point-appUITests */,
				50F5148C264B47D700426365 /* Products */,
			);
			sourceTree = "<group>";
		};
		50F5148C264B47D700426365 /* Products */ = {
			isa = PBXGroup;
			children = (
				50F5148B264B47D700426365 /* point-app.app */,
				50F5149C264B47DA00426365 /* point-appTests.xctest */,
				50F514A7264B47DA00426365 /* point-appUITests.xctest */,
			);
			name = Products;
			sourceTree = "<group>";
		};
		50F5148D264B47D700426365 /* point-app */ = {
			isa = PBXGroup;
			children = (
				50F514C8264B4A3300426365 /* RootTab */,
				50F514C2264B49B300426365 /* Information */,
				50F514C1264B49A900426365 /* Coupon */,
				50F514C0264B499900426365 /* Stamp */,
				50F514BF264B499200426365 /* Home */,
				50F5148E264B47D700426365 /* point_appApp.swift */,
				50F51492264B47D900426365 /* Assets.xcassets */,
				50F51497264B47D900426365 /* Info.plist */,
				50F51494264B47D900426365 /* Preview Content */,
			);
			path = "point-app";
			sourceTree = "<group>";
		};
		50F51494264B47D900426365 /* Preview Content */ = {
			isa = PBXGroup;
			children = (
				50F51495264B47D900426365 /* Preview Assets.xcassets */,
			);
			path = "Preview Content";
			sourceTree = "<group>";
		};
		50F5149F264B47DA00426365 /* point-appTests */ = {
			isa = PBXGroup;
			children = (
				50F514A0264B47DA00426365 /* point_appTests.swift */,
				50F514A2264B47DA00426365 /* Info.plist */,
			);
			path = "point-appTests";
			sourceTree = "<group>";
		};
		50F514AA264B47DA00426365 /* point-appUITests */ = {
			isa = PBXGroup;
			children = (
				50F514AB264B47DA00426365 /* point_appUITests.swift */,
				50F514AD264B47DA00426365 /* Info.plist */,
			);
			path = "point-appUITests";
			sourceTree = "<group>";
		};
		50F514BF264B499200426365 /* Home */ = {
			isa = PBXGroup;
			children = (
				50F51490264B47D700426365 /* HomeView.swift */,
			);
			path = Home;
			sourceTree = "<group>";
		};
		50F514C0264B499900426365 /* Stamp */ = {
			isa = PBXGroup;
			children = (
				50F514C3264B49EB00426365 /* StampView.swift */,
			);
			path = Stamp;
			sourceTree = "<group>";
		};
		50F514C1264B49A900426365 /* Coupon */ = {
			isa = PBXGroup;
			children = (
			);
			path = Coupon;
			sourceTree = "<group>";
		};
		50F514C2264B49B300426365 /* Information */ = {
			isa = PBXGroup;
			children = (
			);
			path = Information;
			sourceTree = "<group>";
		};
		50F514C8264B4A3300426365 /* RootTab */ = {
			isa = PBXGroup;
			children = (
				50F514C9264B4A4000426365 /* RootTabView.swift */,
			);
			path = RootTab;
			sourceTree = "<group>";
		};
/* End PBXGroup section */

/* Begin PBXNativeTarget section */
		50F5148A264B47D700426365 /* point-app */ = {
			isa = PBXNativeTarget;
			buildConfigurationList = 50F514B0264B47DA00426365 /* Build configuration list for PBXNativeTarget "point-app" */;
			buildPhases = (
				50F51487264B47D700426365 /* Sources */,
				50F51488264B47D700426365 /* Frameworks */,
				50F51489264B47D700426365 /* Resources */,
			);
			buildRules = (
			);
			dependencies = (
			);
			name = "point-app";
			productName = "point-app";
			productReference = 50F5148B264B47D700426365 /* point-app.app */;
			productType = "com.apple.product-type.application";
		};
		50F5149B264B47DA00426365 /* point-appTests */ = {
			isa = PBXNativeTarget;
			buildConfigurationList = 50F514B3264B47DA00426365 /* Build configuration list for PBXNativeTarget "point-appTests" */;
			buildPhases = (
				50F51498264B47DA00426365 /* Sources */,
				50F51499264B47DA00426365 /* Frameworks */,
				50F5149A264B47DA00426365 /* Resources */,
			);
			buildRules = (
			);
			dependencies = (
				50F5149E264B47DA00426365 /* PBXTargetDependency */,
			);
			name = "point-appTests";
			productName = "point-appTests";
			productReference = 50F5149C264B47DA00426365 /* point-appTests.xctest */;
			productType = "com.apple.product-type.bundle.unit-test";
		};
		50F514A6264B47DA00426365 /* point-appUITests */ = {
			isa = PBXNativeTarget;
			buildConfigurationList = 50F514B6264B47DA00426365 /* Build configuration list for PBXNativeTarget "point-appUITests" */;
			buildPhases = (
				50F514A3264B47DA00426365 /* Sources */,
				50F514A4264B47DA00426365 /* Frameworks */,
				50F514A5264B47DA00426365 /* Resources */,
			);
			buildRules = (
			);
			dependencies = (
				50F514A9264B47DA00426365 /* PBXTargetDependency */,
			);
			name = "point-appUITests";
			productName = "point-appUITests";
			productReference = 50F514A7264B47DA00426365 /* point-appUITests.xctest */;
			productType = "com.apple.product-type.bundle.ui-testing";
		};
/* End PBXNativeTarget section */

/* Begin PBXProject section */
		50F51483264B47D700426365 /* Project object */ = {
			isa = PBXProject;
			attributes = {
				LastSwiftUpdateCheck = 1240;
				LastUpgradeCheck = 1240;
				TargetAttributes = {
					50F5148A264B47D700426365 = {
						CreatedOnToolsVersion = 12.4;
					};
					50F5149B264B47DA00426365 = {
						CreatedOnToolsVersion = 12.4;
						TestTargetID = 50F5148A264B47D700426365;
					};
					50F514A6264B47DA00426365 = {
						CreatedOnToolsVersion = 12.4;
						TestTargetID = 50F5148A264B47D700426365;
					};
				};
			};
			buildConfigurationList = 50F51486264B47D700426365 /* Build configuration list for PBXProject "point-app" */;
			compatibilityVersion = "Xcode 9.3";
			developmentRegion = en;
			hasScannedForEncodings = 0;
			knownRegions = (
				en,
				Base,
			);
			mainGroup = 50F51482264B47D700426365;
			productRefGroup = 50F5148C264B47D700426365 /* Products */;
			projectDirPath = "";
			projectRoot = "";
			targets = (
				50F5148A264B47D700426365 /* point-app */,
				50F5149B264B47DA00426365 /* point-appTests */,
				50F514A6264B47DA00426365 /* point-appUITests */,
			);
		};
/* End PBXProject section */

/* Begin PBXResourcesBuildPhase section */
		50F51489264B47D700426365 /* Resources */ = {
			isa = PBXResourcesBuildPhase;
			buildActionMask = 2147483647;
			files = (
				50F51496264B47D900426365 /* Preview Assets.xcassets in Resources */,
				50F51493264B47D900426365 /* Assets.xcassets in Resources */,
			);
			runOnlyForDeploymentPostprocessing = 0;
		};
		50F5149A264B47DA00426365 /* Resources */ = {
			isa = PBXResourcesBuildPhase;
			buildActionMask = 2147483647;
			files = (
			);
			runOnlyForDeploymentPostprocessing = 0;
		};
		50F514A5264B47DA00426365 /* Resources */ = {
			isa = PBXResourcesBuildPhase;
			buildActionMask = 2147483647;
			files = (
			);
			runOnlyForDeploymentPostprocessing = 0;
		};
/* End PBXResourcesBuildPhase section */

/* Begin PBXSourcesBuildPhase section */
		50F51487264B47D700426365 /* Sources */ = {
			isa = PBXSourcesBuildPhase;
			buildActionMask = 2147483647;
			files = (
				50F51491264B47D700426365 /* HomeView.swift in Sources */,
				50F5148F264B47D700426365 /* point_appApp.swift in Sources */,
				50F514CA264B4A4000426365 /* RootTabView.swift in Sources */,
				50F514C4264B49EB00426365 /* StampView.swift in Sources */,
			);
			runOnlyForDeploymentPostprocessing = 0;
		};
		50F51498264B47DA00426365 /* Sources */ = {
			isa = PBXSourcesBuildPhase;
			buildActionMask = 2147483647;
			files = (
				50F514A1264B47DA00426365 /* point_appTests.swift in Sources */,
			);
			runOnlyForDeploymentPostprocessing = 0;
		};
		50F514A3264B47DA00426365 /* Sources */ = {
			isa = PBXSourcesBuildPhase;
			buildActionMask = 2147483647;
			files = (
				50F514AC264B47DA00426365 /* point_appUITests.swift in Sources */,
			);
			runOnlyForDeploymentPostprocessing = 0;
		};
/* End PBXSourcesBuildPhase section */

/* Begin PBXTargetDependency section */
		50F5149E264B47DA00426365 /* PBXTargetDependency */ = {
			isa = PBXTargetDependency;
			target = 50F5148A264B47D700426365 /* point-app */;
			targetProxy = 50F5149D264B47DA00426365 /* PBXContainerItemProxy */;
		};
		50F514A9264B47DA00426365 /* PBXTargetDependency */ = {
			isa = PBXTargetDependency;
			target = 50F5148A264B47D700426365 /* point-app */;
			targetProxy = 50F514A8264B47DA00426365 /* PBXContainerItemProxy */;
		};
/* End PBXTargetDependency section */

/* Begin XCBuildConfiguration section */
		50F514AE264B47DA00426365 /* Debug */ = {
			isa = XCBuildConfiguration;
			buildSettings = {
				ALWAYS_SEARCH_USER_PATHS = NO;
				CLANG_ANALYZER_NONNULL = YES;
				CLANG_ANALYZER_NUMBER_OBJECT_CONVERSION = YES_AGGRESSIVE;
				CLANG_CXX_LANGUAGE_STANDARD = "gnu++14";
				CLANG_CXX_LIBRARY = "libc++";
				CLANG_ENABLE_MODULES = YES;
				CLANG_ENABLE_OBJC_ARC = YES;
				CLANG_ENABLE_OBJC_WEAK = YES;
				CLANG_WARN_BLOCK_CAPTURE_AUTORELEASING = YES;
				CLANG_WARN_BOOL_CONVERSION = YES;
				CLANG_WARN_COMMA = YES;
				CLANG_WARN_CONSTANT_CONVERSION = YES;
				CLANG_WARN_DEPRECATED_OBJC_IMPLEMENTATIONS = YES;
				CLANG_WARN_DIRECT_OBJC_ISA_USAGE = YES_ERROR;
				CLANG_WARN_DOCUMENTATION_COMMENTS = YES;
				CLANG_WARN_EMPTY_BODY = YES;
				CLANG_WARN_ENUM_CONVERSION = YES;
				CLANG_WARN_INFINITE_RECURSION = YES;
				CLANG_WARN_INT_CONVERSION = YES;
				CLANG_WARN_NON_LITERAL_NULL_CONVERSION = YES;
				CLANG_WARN_OBJC_IMPLICIT_RETAIN_SELF = YES;
				CLANG_WARN_OBJC_LITERAL_CONVERSION = YES;
				CLANG_WARN_OBJC_ROOT_CLASS = YES_ERROR;
				CLANG_WARN_QUOTED_INCLUDE_IN_FRAMEWORK_HEADER = YES;
				CLANG_WARN_RANGE_LOOP_ANALYSIS = YES;
				CLANG_WARN_STRICT_PROTOTYPES = YES;
				CLANG_WARN_SUSPICIOUS_MOVE = YES;
				CLANG_WARN_UNGUARDED_AVAILABILITY = YES_AGGRESSIVE;
				CLANG_WARN_UNREACHABLE_CODE = YES;
				CLANG_WARN__DUPLICATE_METHOD_MATCH = YES;
				COPY_PHASE_STRIP = NO;
				DEBUG_INFORMATION_FORMAT = dwarf;
				ENABLE_STRICT_OBJC_MSGSEND = YES;
				ENABLE_TESTABILITY = YES;
				GCC_C_LANGUAGE_STANDARD = gnu11;
				GCC_DYNAMIC_NO_PIC = NO;
				GCC_NO_COMMON_BLOCKS = YES;
				GCC_OPTIMIZATION_LEVEL = 0;
				GCC_PREPROCESSOR_DEFINITIONS = (
					"DEBUG=1",
					"$(inherited)",
				);
				GCC_WARN_64_TO_32_BIT_CONVERSION = YES;
				GCC_WARN_ABOUT_RETURN_TYPE = YES_ERROR;
				GCC_WARN_UNDECLARED_SELECTOR = YES;
				GCC_WARN_UNINITIALIZED_AUTOS = YES_AGGRESSIVE;
				GCC_WARN_UNUSED_FUNCTION = YES;
				GCC_WARN_UNUSED_VARIABLE = YES;
				IPHONEOS_DEPLOYMENT_TARGET = 14.4;
				MTL_ENABLE_DEBUG_INFO = INCLUDE_SOURCE;
				MTL_FAST_MATH = YES;
				ONLY_ACTIVE_ARCH = YES;
				SDKROOT = iphoneos;
				SWIFT_ACTIVE_COMPILATION_CONDITIONS = DEBUG;
				SWIFT_OPTIMIZATION_LEVEL = "-Onone";
			};
			name = Debug;
		};
		50F514AF264B47DA00426365 /* Release */ = {
			isa = XCBuildConfiguration;
			buildSettings = {
				ALWAYS_SEARCH_USER_PATHS = NO;
				CLANG_ANALYZER_NONNULL = YES;
				CLANG_ANALYZER_NUMBER_OBJECT_CONVERSION = YES_AGGRESSIVE;
				CLANG_CXX_LANGUAGE_STANDARD = "gnu++14";
				CLANG_CXX_LIBRARY = "libc++";
				CLANG_ENABLE_MODULES = YES;
				CLANG_ENABLE_OBJC_ARC = YES;
				CLANG_ENABLE_OBJC_WEAK = YES;
				CLANG_WARN_BLOCK_CAPTURE_AUTORELEASING = YES;
				CLANG_WARN_BOOL_CONVERSION = YES;
				CLANG_WARN_COMMA = YES;
				CLANG_WARN_CONSTANT_CONVERSION = YES;
				CLANG_WARN_DEPRECATED_OBJC_IMPLEMENTATIONS = YES;
				CLANG_WARN_DIRECT_OBJC_ISA_USAGE = YES_ERROR;
				CLANG_WARN_DOCUMENTATION_COMMENTS = YES;
				CLANG_WARN_EMPTY_BODY = YES;
				CLANG_WARN_ENUM_CONVERSION = YES;
				CLANG_WARN_INFINITE_RECURSION = YES;
				CLANG_WARN_INT_CONVERSION = YES;
				CLANG_WARN_NON_LITERAL_NULL_CONVERSION = YES;
				CLANG_WARN_OBJC_IMPLICIT_RETAIN_SELF = YES;
				CLANG_WARN_OBJC_LITERAL_CONVERSION = YES;
				CLANG_WARN_OBJC_ROOT_CLASS = YES_ERROR;
				CLANG_WARN_QUOTED_INCLUDE_IN_FRAMEWORK_HEADER = YES;
				CLANG_WARN_RANGE_LOOP_ANALYSIS = YES;
				CLANG_WARN_STRICT_PROTOTYPES = YES;
				CLANG_WARN_SUSPICIOUS_MOVE = YES;
				CLANG_WARN_UNGUARDED_AVAILABILITY = YES_AGGRESSIVE;
				CLANG_WARN_UNREACHABLE_CODE = YES;
				CLANG_WARN__DUPLICATE_METHOD_MATCH = YES;
				COPY_PHASE_STRIP = NO;
				DEBUG_INFORMATION_FORMAT = "dwarf-with-dsym";
				ENABLE_NS_ASSERTIONS = NO;
				ENABLE_STRICT_OBJC_MSGSEND = YES;
				GCC_C_LANGUAGE_STANDARD = gnu11;
				GCC_NO_COMMON_BLOCKS = YES;
				GCC_WARN_64_TO_32_BIT_CONVERSION = YES;
				GCC_WARN_ABOUT_RETURN_TYPE = YES_ERROR;
				GCC_WARN_UNDECLARED_SELECTOR = YES;
				GCC_WARN_UNINITIALIZED_AUTOS = YES_AGGRESSIVE;
				GCC_WARN_UNUSED_FUNCTION = YES;
				GCC_WARN_UNUSED_VARIABLE = YES;
				IPHONEOS_DEPLOYMENT_TARGET = 14.4;
				MTL_ENABLE_DEBUG_INFO = NO;
				MTL_FAST_MATH = YES;
				SDKROOT = iphoneos;
				SWIFT_COMPILATION_MODE = wholemodule;
				SWIFT_OPTIMIZATION_LEVEL = "-O";
				VALIDATE_PRODUCT = YES;
			};
			name = Release;
		};
		50F514B1264B47DA00426365 /* Debug */ = {
			isa = XCBuildConfiguration;
			buildSettings = {
				ASSETCATALOG_COMPILER_APPICON_NAME = AppIcon;
				ASSETCATALOG_COMPILER_GLOBAL_ACCENT_COLOR_NAME = AccentColor;
				CODE_SIGN_STYLE = Automatic;
				DEVELOPMENT_ASSET_PATHS = "\"point-app/Preview Content\"";
				DEVELOPMENT_TEAM = HAQNZZYPKJ;
				ENABLE_PREVIEWS = YES;
				INFOPLIST_FILE = "point-app/Info.plist";
				IPHONEOS_DEPLOYMENT_TARGET = 14.0;
				LD_RUNPATH_SEARCH_PATHS = (
					"$(inherited)",
					"@executable_path/Frameworks",
				);
				PRODUCT_BUNDLE_IDENTIFIER = "yuichiro.tsuji.point-app";
				PRODUCT_NAME = "$(TARGET_NAME)";
				SWIFT_VERSION = 5.0;
				TARGETED_DEVICE_FAMILY = "1,2";
			};
			name = Debug;
		};
		50F514B2264B47DA00426365 /* Release */ = {
			isa = XCBuildConfiguration;
			buildSettings = {
				ASSETCATALOG_COMPILER_APPICON_NAME = AppIcon;
				ASSETCATALOG_COMPILER_GLOBAL_ACCENT_COLOR_NAME = AccentColor;
				CODE_SIGN_STYLE = Automatic;
				DEVELOPMENT_ASSET_PATHS = "\"point-app/Preview Content\"";
				DEVELOPMENT_TEAM = HAQNZZYPKJ;
				ENABLE_PREVIEWS = YES;
				INFOPLIST_FILE = "point-app/Info.plist";
				IPHONEOS_DEPLOYMENT_TARGET = 14.0;
				LD_RUNPATH_SEARCH_PATHS = (
					"$(inherited)",
					"@executable_path/Frameworks",
				);
				PRODUCT_BUNDLE_IDENTIFIER = "yuichiro.tsuji.point-app";
				PRODUCT_NAME = "$(TARGET_NAME)";
				SWIFT_VERSION = 5.0;
				TARGETED_DEVICE_FAMILY = "1,2";
			};
			name = Release;
		};
		50F514B4264B47DA00426365 /* Debug */ = {
			isa = XCBuildConfiguration;
			buildSettings = {
				ALWAYS_EMBED_SWIFT_STANDARD_LIBRARIES = YES;
				BUNDLE_LOADER = "$(TEST_HOST)";
				CODE_SIGN_STYLE = Automatic;
				DEVELOPMENT_TEAM = HAQNZZYPKJ;
				INFOPLIST_FILE = "point-appTests/Info.plist";
				IPHONEOS_DEPLOYMENT_TARGET = 14.0;
				LD_RUNPATH_SEARCH_PATHS = (
					"$(inherited)",
					"@executable_path/Frameworks",
					"@loader_path/Frameworks",
				);
				PRODUCT_BUNDLE_IDENTIFIER = "yuichiro.tsuji.point-appTests";
				PRODUCT_NAME = "$(TARGET_NAME)";
				SWIFT_VERSION = 5.0;
				TARGETED_DEVICE_FAMILY = "1,2";
				TEST_HOST = "$(BUILT_PRODUCTS_DIR)/point-app.app/point-app";
			};
			name = Debug;
		};
		50F514B5264B47DA00426365 /* Release */ = {
			isa = XCBuildConfiguration;
			buildSettings = {
				ALWAYS_EMBED_SWIFT_STANDARD_LIBRARIES = YES;
				BUNDLE_LOADER = "$(TEST_HOST)";
				CODE_SIGN_STYLE = Automatic;
				DEVELOPMENT_TEAM = HAQNZZYPKJ;
				INFOPLIST_FILE = "point-appTests/Info.plist";
				IPHONEOS_DEPLOYMENT_TARGET = 14.0;
				LD_RUNPATH_SEARCH_PATHS = (
					"$(inherited)",
					"@executable_path/Frameworks",
					"@loader_path/Frameworks",
				);
				PRODUCT_BUNDLE_IDENTIFIER = "yuichiro.tsuji.point-appTests";
				PRODUCT_NAME = "$(TARGET_NAME)";
				SWIFT_VERSION = 5.0;
				TARGETED_DEVICE_FAMILY = "1,2";
				TEST_HOST = "$(BUILT_PRODUCTS_DIR)/point-app.app/point-app";
			};
			name = Release;
		};
		50F514B7264B47DA00426365 /* Debug */ = {
			isa = XCBuildConfiguration;
			buildSettings = {
				ALWAYS_EMBED_SWIFT_STANDARD_LIBRARIES = YES;
				CODE_SIGN_STYLE = Automatic;
				DEVELOPMENT_TEAM = HAQNZZYPKJ;
				INFOPLIST_FILE = "point-appUITests/Info.plist";
				LD_RUNPATH_SEARCH_PATHS = (
					"$(inherited)",
					"@executable_path/Frameworks",
					"@loader_path/Frameworks",
				);
				PRODUCT_BUNDLE_IDENTIFIER = "yuichiro.tsuji.point-appUITests";
				PRODUCT_NAME = "$(TARGET_NAME)";
				SWIFT_VERSION = 5.0;
				TARGETED_DEVICE_FAMILY = "1,2";
				TEST_TARGET_NAME = "point-app";
			};
			name = Debug;
		};
		50F514B8264B47DA00426365 /* Release */ = {
			isa = XCBuildConfiguration;
			buildSettings = {
				ALWAYS_EMBED_SWIFT_STANDARD_LIBRARIES = YES;
				CODE_SIGN_STYLE = Automatic;
				DEVELOPMENT_TEAM = HAQNZZYPKJ;
				INFOPLIST_FILE = "point-appUITests/Info.plist";
				LD_RUNPATH_SEARCH_PATHS = (
					"$(inherited)",
					"@executable_path/Frameworks",
					"@loader_path/Frameworks",
				);
				PRODUCT_BUNDLE_IDENTIFIER = "yuichiro.tsuji.point-appUITests";
				PRODUCT_NAME = "$(TARGET_NAME)";
				SWIFT_VERSION = 5.0;
				TARGETED_DEVICE_FAMILY = "1,2";
				TEST_TARGET_NAME = "point-app";
			};
			name = Release;
		};
/* End XCBuildConfiguration section */

/* Begin XCConfigurationList section */
		50F51486264B47D700426365 /* Build configuration list for PBXProject "point-app" */ = {
			isa = XCConfigurationList;
			buildConfigurations = (
				50F514AE264B47DA00426365 /* Debug */,
				50F514AF264B47DA00426365 /* Release */,
			);
			defaultConfigurationIsVisible = 0;
			defaultConfigurationName = Release;
		};
		50F514B0264B47DA00426365 /* Build configuration list for PBXNativeTarget "point-app" */ = {
			isa = XCConfigurationList;
			buildConfigurations = (
				50F514B1264B47DA00426365 /* Debug */,
				50F514B2264B47DA00426365 /* Release */,
			);
			defaultConfigurationIsVisible = 0;
			defaultConfigurationName = Release;
		};
		50F514B3264B47DA00426365 /* Build configuration list for PBXNativeTarget "point-appTests" */ = {
			isa = XCConfigurationList;
			buildConfigurations = (
				50F514B4264B47DA00426365 /* Debug */,
				50F514B5264B47DA00426365 /* Release */,
			);
			defaultConfigurationIsVisible = 0;
			defaultConfigurationName = Release;
		};
		50F514B6264B47DA00426365 /* Build configuration list for PBXNativeTarget "point-appUITests" */ = {
			isa = XCConfigurationList;
			buildConfigurations = (
				50F514B7264B47DA00426365 /* Debug */,
				50F514B8264B47DA00426365 /* Release */,
			);
			defaultConfigurationIsVisible = 0;
			defaultConfigurationName = Release;
		};
/* End XCConfigurationList section */
	};
	rootObject = 50F51483264B47D700426365 /* Project object */;
}
